
Microsoft Visual Studio Solution File, Format Version 12.00
# Visual Studio Version 18
VisualStudioVersion = 18.2.11415.280 d18.0
MinimumVisualStudioVersion = 10.0.40219.1
Project("{9A19103F-16F7-4668-BE54-9A1E7A4F7556}") = "CornDome", "CornDome\CornDome.csproj", "{C8FCA654-B88C-4560-AF6A-EB4AA45011A3}"
EndProject
Project("{9A19103F-16F7-4668-BE54-9A1E7A4F7556}") = "CornDome.Models", "CornDome.Models\CornDome.Models.csproj", "{574D9361-909E-448B-8F13-5071B043E658}"
EndProject
Project("{2150E333-8FDC-42A3-9474-1A3956D46DE8}") = "Solution Items", "Solution Items", "{8C4CFD5E-1752-4443-A990-802FB56BD66E}"
	ProjectSection(SolutionItems) = preProject
		README.md = README.md
	EndProjectSection
EndProject
Project("{9A19103F-16F7-4668-BE54-9A1E7A4F7556}") = "CornDome.Repository", "CornDome.Repository\CornDome.Repository.csproj", "{7B38B6A9-D71B-445D-9037-D6C33C43AF1D}"
EndProject
Project("{9A19103F-16F7-4668-BE54-9A1E7A4F7556}") = "CornDome.TournamentSystem", "CornDome.TournamentSystem\CornDome.TournamentSystem.csproj", "{9D34A480-8754-4A4F-8FE4-622908A06116}"
EndProject
Global
	GlobalSection(SolutionConfigurationPlatforms) = preSolution
		Debug|Any CPU = Debug|Any CPU
		Release|Any CPU = Release|Any CPU
	EndGlobalSection
	GlobalSection(ProjectConfigurationPlatforms) = postSolution
		{C8FCA654-B88C-4560-AF6A-EB4AA45011A3}.Debug|Any CPU.ActiveCfg = Debug|Any CPU
		{C8FCA654-B88C-4560-AF6A-EB4AA45011A3}.Debug|Any CPU.Build.0 = Debug|Any CPU
		{C8FCA654-B88C-4560-AF6A-EB4AA45011A3}.Release|Any CPU.ActiveCfg = Release|Any CPU
		{C8FCA654-B88C-4560-AF6A-EB4AA45011A3}.Release|Any CPU.Build.0 = Release|Any CPU
		{574D9361-909E-448B-8F13-5071B043E658}.Debug|Any CPU.ActiveCfg = Debug|Any CPU
		{574D9361-909E-448B-8F13-5071B043E658}.Debug|Any CPU.Build.0 = Debug|Any CPU
		{574D9361-909E-448B-8F13-5071B043E658}.Release|Any CPU.ActiveCfg = Release|Any CPU
		{574D9361-909E-448B-8F13-5071B043E658}.Release|Any CPU.Build.0 = Release|Any CPU
		{7B38B6A9-D71B-445D-9037-D6C33C43AF1D}.Debug|Any CPU.ActiveCfg = Debug|Any CPU
		{7B38B6A9-D71B-445D-9037-D6C33C43AF1D}.Debug|Any CPU.Build.0 = Debug|Any CPU
		{7B38B6A9-D71B-445D-9037-D6C33C43AF1D}.Release|Any CPU.ActiveCfg = Release|Any CPU
		{7B38B6A9-D71B-445D-9037-D6C33C43AF1D}.Release|Any CPU.Build.0 = Release|Any CPU
		{9D34A480-8754-4A4F-8FE4-622908A06116}.Debug|Any CPU.ActiveCfg = Debug|Any CPU
		{9D34A480-8754-4A4F-8FE4-622908A06116}.Debug|Any CPU.Build.0 = Debug|Any CPU
		{9D34A480-8754-4A4F-8FE4-622908A06116}.Release|Any CPU.ActiveCfg = Release|Any CPU
		{9D34A480-8754-4A4F-8FE4-622908A06116}.Release|Any CPU.Build.0 = Release|Any CPU
	EndGlobalSection
	GlobalSection(SolutionProperties) = preSolution
		HideSolutionNode = FALSE
	EndGlobalSection
	GlobalSection(ExtensibilityGlobals) = postSolution
		SolutionGuid = {A43D683B-C656-40DF-B3BD-18DBE3656A74}
	EndGlobalSection
EndGlobal
